// !$*UTF8*$!
{
	archiveVersion = 1;
	classes = {
	};
	objectVersion = 50;
	objects = {

/* Begin PBXBuildFile section */
		C2F9B90C267A1BB9007567D0 /* AppDelegate.swift in Sources */ = {isa = PBXBuildFile; fileRef = C2F9B90B267A1BB9007567D0 /* AppDelegate.swift */; };
		C2F9B90E267A1BB9007567D0 /* SceneDelegate.swift in Sources */ = {isa = PBXBuildFile; fileRef = C2F9B90D267A1BB9007567D0 /* SceneDelegate.swift */; };
		C2F9B913267A1BB9007567D0 /* Main.storyboard in Resources */ = {isa = PBXBuildFile; fileRef = C2F9B911267A1BB9007567D0 /* Main.storyboard */; };
		C2F9B915267A1BBB007567D0 /* Assets.xcassets in Resources */ = {isa = PBXBuildFile; fileRef = C2F9B914267A1BBB007567D0 /* Assets.xcassets */; };
		C2F9B918267A1BBB007567D0 /* LaunchScreen.storyboard in Resources */ = {isa = PBXBuildFile; fileRef = C2F9B916267A1BBB007567D0 /* LaunchScreen.storyboard */; };
		C2F9B923267A1BBB007567D0 /* OmikujiTests.swift in Sources */ = {isa = PBXBuildFile; fileRef = C2F9B922267A1BBB007567D0 /* OmikujiTests.swift */; };
		C2F9B92E267A1BBB007567D0 /* OmikujiUITests.swift in Sources */ = {isa = PBXBuildFile; fileRef = C2F9B92D267A1BBB007567D0 /* OmikujiUITests.swift */; };
		C2F9B93D267A284E007567D0 /* daikiti.png in Resources */ = {isa = PBXBuildFile; fileRef = C2F9B93C267A284E007567D0 /* daikiti.png */; };
		C2F9B944267A285D007567D0 /* おみくじ1.png in Resources */ = {isa = PBXBuildFile; fileRef = C2F9B93E267A285C007567D0 /* おみくじ1.png */; };
		C2F9B945267A285D007567D0 /* おみくじ3.png in Resources */ = {isa = PBXBuildFile; fileRef = C2F9B93F267A285C007567D0 /* おみくじ3.png */; };
		C2F9B946267A285D007567D0 /* shoukitti.png in Resources */ = {isa = PBXBuildFile; fileRef = C2F9B940267A285D007567D0 /* shoukitti.png */; };
		C2F9B947267A285D007567D0 /* tyukiti.png in Resources */ = {isa = PBXBuildFile; fileRef = C2F9B941267A285D007567D0 /* tyukiti.png */; };
		C2F9B948267A285D007567D0 /* おみくじ2.png in Resources */ = {isa = PBXBuildFile; fileRef = C2F9B942267A285D007567D0 /* おみくじ2.png */; };
		C2F9B949267A285D007567D0 /* おみくじ4.png in Resources */ = {isa = PBXBuildFile; fileRef = C2F9B943267A285D007567D0 /* おみくじ4.png */; };
		C2F9B94B267A28AA007567D0 /* omikuji.png in Resources */ = {isa = PBXBuildFile; fileRef = C2F9B94A267A28AA007567D0 /* omikuji.png */; };
		C2F9B94D267A2904007567D0 /* zinzya.png in Resources */ = {isa = PBXBuildFile; fileRef = C2F9B94C267A2904007567D0 /* zinzya.png */; };
		C2F9B95A267A2CB6007567D0 /* ViewController.swift in Sources */ = {isa = PBXBuildFile; fileRef = C2F9B958267A2CB6007567D0 /* ViewController.swift */; };
		C2F9B95F267A3130007567D0 /* OmikujiBrain.swift in Sources */ = {isa = PBXBuildFile; fileRef = C2F9B95E267A3130007567D0 /* OmikujiBrain.swift */; };
/* End PBXBuildFile section */

/* Begin PBXContainerItemProxy section */
		C2F9B91F267A1BBB007567D0 /* PBXContainerItemProxy */ = {
			isa = PBXContainerItemProxy;
			containerPortal = C2F9B900267A1BB9007567D0 /* Project object */;
			proxyType = 1;
			remoteGlobalIDString = C2F9B907267A1BB9007567D0;
			remoteInfo = Omikuji;
		};
		C2F9B92A267A1BBB007567D0 /* PBXContainerItemProxy */ = {
			isa = PBXContainerItemProxy;
			containerPortal = C2F9B900267A1BB9007567D0 /* Project object */;
			proxyType = 1;
			remoteGlobalIDString = C2F9B907267A1BB9007567D0;
			remoteInfo = Omikuji;
		};
/* End PBXContainerItemProxy section */

/* Begin PBXFileReference section */
		C2F9B908267A1BB9007567D0 /* Omikuji.app */ = {isa = PBXFileReference; explicitFileType = wrapper.application; includeInIndex = 0; path = Omikuji.app; sourceTree = BUILT_PRODUCTS_DIR; };
		C2F9B90B267A1BB9007567D0 /* AppDelegate.swift */ = {isa = PBXFileReference; lastKnownFileType = sourcecode.swift; path = AppDelegate.swift; sourceTree = "<group>"; };
		C2F9B90D267A1BB9007567D0 /* SceneDelegate.swift */ = {isa = PBXFileReference; lastKnownFileType = sourcecode.swift; path = SceneDelegate.swift; sourceTree = "<group>"; };
		C2F9B912267A1BB9007567D0 /* Base */ = {isa = PBXFileReference; lastKnownFileType = file.storyboard; name = Base; path = Base.lproj/Main.storyboard; sourceTree = "<group>"; };
		C2F9B914267A1BBB007567D0 /* Assets.xcassets */ = {isa = PBXFileReference; lastKnownFileType = folder.assetcatalog; path = Assets.xcassets; sourceTree = "<group>"; };
		C2F9B917267A1BBB007567D0 /* Base */ = {isa = PBXFileReference; lastKnownFileType = file.storyboard; name = Base; path = Base.lproj/LaunchScreen.storyboard; sourceTree = "<group>"; };
		C2F9B919267A1BBB007567D0 /* Info.plist */ = {isa = PBXFileReference; lastKnownFileType = text.plist.xml; path = Info.plist; sourceTree = "<group>"; };
		C2F9B91E267A1BBB007567D0 /* OmikujiTests.xctest */ = {isa = PBXFileReference; explicitFileType = wrapper.cfbundle; includeInIndex = 0; path = OmikujiTests.xctest; sourceTree = BUILT_PRODUCTS_DIR; };
		C2F9B922267A1BBB007567D0 /* OmikujiTests.swift */ = {isa = PBXFileReference; lastKnownFileType = sourcecode.swift; path = OmikujiTests.swift; sourceTree = "<group>"; };
		C2F9B924267A1BBB007567D0 /* Info.plist */ = {isa = PBXFileReference; lastKnownFileType = text.plist.xml; path = Info.plist; sourceTree = "<group>"; };
		C2F9B929267A1BBB007567D0 /* OmikujiUITests.xctest */ = {isa = PBXFileReference; explicitFileType = wrapper.cfbundle; includeInIndex = 0; path = OmikujiUITests.xctest; sourceTree = BUILT_PRODUCTS_DIR; };
		C2F9B92D267A1BBB007567D0 /* OmikujiUITests.swift */ = {isa = PBXFileReference; lastKnownFileType = sourcecode.swift; path = OmikujiUITests.swift; sourceTree = "<group>"; };
		C2F9B92F267A1BBB007567D0 /* Info.plist */ = {isa = PBXFileReference; lastKnownFileType = text.plist.xml; path = Info.plist; sourceTree = "<group>"; };
		C2F9B93C267A284E007567D0 /* daikiti.png */ = {isa = PBXFileReference; lastKnownFileType = image.png; path = daikiti.png; sourceTree = SOURCE_ROOT; };
		C2F9B93E267A285C007567D0 /* おみくじ1.png */ = {isa = PBXFileReference; lastKnownFileType = image.png; path = "おみくじ1.png"; sourceTree = SOURCE_ROOT; };
		C2F9B93F267A285C007567D0 /* おみくじ3.png */ = {isa = PBXFileReference; lastKnownFileType = image.png; path = "おみくじ3.png"; sourceTree = SOURCE_ROOT; };
		C2F9B940267A285D007567D0 /* shoukitti.png */ = {isa = PBXFileReference; lastKnownFileType = image.png; path = shoukitti.png; sourceTree = SOURCE_ROOT; };
		C2F9B941267A285D007567D0 /* tyukiti.png */ = {isa = PBXFileReference; lastKnownFileType = image.png; path = tyukiti.png; sourceTree = SOURCE_ROOT; };
		C2F9B942267A285D007567D0 /* おみくじ2.png */ = {isa = PBXFileReference; lastKnownFileType = image.png; path = "おみくじ2.png"; sourceTree = SOURCE_ROOT; };
		C2F9B943267A285D007567D0 /* おみくじ4.png */ = {isa = PBXFileReference; lastKnownFileType = image.png; path = "おみくじ4.png"; sourceTree = SOURCE_ROOT; };
		C2F9B94A267A28AA007567D0 /* omikuji.png */ = {isa = PBXFileReference; lastKnownFileType = image.png; path = omikuji.png; sourceTree = SOURCE_ROOT; };
		C2F9B94C267A2904007567D0 /* zinzya.png */ = {isa = PBXFileReference; lastKnownFileType = image.png; name = zinzya.png; path = Omikuji/Images/zinzya.png; sourceTree = SOURCE_ROOT; };
		C2F9B958267A2CB6007567D0 /* ViewController.swift */ = {isa = PBXFileReference; fileEncoding = 4; lastKnownFileType = sourcecode.swift; path = ViewController.swift; sourceTree = "<group>"; };
		C2F9B95E267A3130007567D0 /* OmikujiBrain.swift */ = {isa = PBXFileReference; lastKnownFileType = sourcecode.swift; path = OmikujiBrain.swift; sourceTree = "<group>"; };
/* End PBXFileReference section */

/* Begin PBXFrameworksBuildPhase section */
		C2F9B905267A1BB9007567D0 /* Frameworks */ = {
			isa = PBXFrameworksBuildPhase;
			buildActionMask = 2147483647;
			files = (
			);
			runOnlyForDeploymentPostprocessing = 0;
		};
		C2F9B91B267A1BBB007567D0 /* Frameworks */ = {
			isa = PBXFrameworksBuildPhase;
			buildActionMask = 2147483647;
			files = (
			);
			runOnlyForDeploymentPostprocessing = 0;
		};
		C2F9B926267A1BBB007567D0 /* Frameworks */ = {
			isa = PBXFrameworksBuildPhase;
			buildActionMask = 2147483647;
			files = (
			);
			runOnlyForDeploymentPostprocessing = 0;
		};
/* End PBXFrameworksBuildPhase section */

/* Begin PBXGroup section */
		C2F9B8FF267A1BB9007567D0 = {
			isa = PBXGroup;
			children = (
				C2F9B90A267A1BB9007567D0 /* Omikuji */,
				C2F9B921267A1BBB007567D0 /* OmikujiTests */,
				C2F9B92C267A1BBB007567D0 /* OmikujiUITests */,
				C2F9B909267A1BB9007567D0 /* Products */,
			);
			sourceTree = "<group>";
		};
		C2F9B909267A1BB9007567D0 /* Products */ = {
			isa = PBXGroup;
			children = (
				C2F9B908267A1BB9007567D0 /* Omikuji.app */,
				C2F9B91E267A1BBB007567D0 /* OmikujiTests.xctest */,
				C2F9B929267A1BBB007567D0 /* OmikujiUITests.xctest */,
			);
			name = Products;
			sourceTree = "<group>";
		};
		C2F9B90A267A1BB9007567D0 /* Omikuji */ = {
			isa = PBXGroup;
			children = (
				C2F9B90B267A1BB9007567D0 /* AppDelegate.swift */,
				C2F9B90D267A1BB9007567D0 /* SceneDelegate.swift */,
				C2F9B957267A2CB6007567D0 /* Controller */,
				C2F9B95C267A2CDE007567D0 /* View */,
				C2F9B95D267A305F007567D0 /* Model */,
				C2F9B914267A1BBB007567D0 /* Assets.xcassets */,
				C2F9B919267A1BBB007567D0 /* Info.plist */,
				C2F9B93B267A283F007567D0 /* Images */,
			);
			path = Omikuji;
			sourceTree = "<group>";
		};
		C2F9B921267A1BBB007567D0 /* OmikujiTests */ = {
			isa = PBXGroup;
			children = (
				C2F9B922267A1BBB007567D0 /* OmikujiTests.swift */,
				C2F9B924267A1BBB007567D0 /* Info.plist */,
			);
			path = OmikujiTests;
			sourceTree = "<group>";
		};
		C2F9B92C267A1BBB007567D0 /* OmikujiUITests */ = {
			isa = PBXGroup;
			children = (
				C2F9B92D267A1BBB007567D0 /* OmikujiUITests.swift */,
				C2F9B92F267A1BBB007567D0 /* Info.plist */,
			);
			path = OmikujiUITests;
			sourceTree = "<group>";
		};
		C2F9B93B267A283F007567D0 /* Images */ = {
			isa = PBXGroup;
			children = (
				C2F9B94A267A28AA007567D0 /* omikuji.png */,
				C2F9B940267A285D007567D0 /* shoukitti.png */,
				C2F9B941267A285D007567D0 /* tyukiti.png */,
				C2F9B93E267A285C007567D0 /* おみくじ1.png */,
				C2F9B942267A285D007567D0 /* おみくじ2.png */,
				C2F9B93F267A285C007567D0 /* おみくじ3.png */,
				C2F9B943267A285D007567D0 /* おみくじ4.png */,
				C2F9B93C267A284E007567D0 /* daikiti.png */,
				C2F9B94C267A2904007567D0 /* zinzya.png */,
			);
			path = Images;
			sourceTree = "<group>";
		};
		C2F9B957267A2CB6007567D0 /* Controller */ = {
			isa = PBXGroup;
			children = (
				C2F9B958267A2CB6007567D0 /* ViewController.swift */,
			);
			path = Controller;
			sourceTree = "<group>";
		};
		C2F9B95C267A2CDE007567D0 /* View */ = {
			isa = PBXGroup;
			children = (
				C2F9B916267A1BBB007567D0 /* LaunchScreen.storyboard */,
				C2F9B911267A1BB9007567D0 /* Main.storyboard */,
			);
			path = View;
			sourceTree = "<group>";
		};
		C2F9B95D267A305F007567D0 /* Model */ = {
			isa = PBXGroup;
			children = (
				C2F9B95E267A3130007567D0 /* OmikujiBrain.swift */,
			);
			path = Model;
			sourceTree = "<group>";
		};
/* End PBXGroup section */

/* Begin PBXNativeTarget section */
		C2F9B907267A1BB9007567D0 /* Omikuji */ = {
			isa = PBXNativeTarget;
			buildConfigurationList = C2F9B932267A1BBB007567D0 /* Build configuration list for PBXNativeTarget "Omikuji" */;
			buildPhases = (
				C2F9B904267A1BB9007567D0 /* Sources */,
				C2F9B905267A1BB9007567D0 /* Frameworks */,
				C2F9B906267A1BB9007567D0 /* Resources */,
			);
			buildRules = (
			);
			dependencies = (
			);
			name = Omikuji;
			productName = Omikuji;
			productReference = C2F9B908267A1BB9007567D0 /* Omikuji.app */;
			productType = "com.apple.product-type.application";
		};
		C2F9B91D267A1BBB007567D0 /* OmikujiTests */ = {
			isa = PBXNativeTarget;
			buildConfigurationList = C2F9B935267A1BBB007567D0 /* Build configuration list for PBXNativeTarget "OmikujiTests" */;
			buildPhases = (
				C2F9B91A267A1BBB007567D0 /* Sources */,
				C2F9B91B267A1BBB007567D0 /* Frameworks */,
				C2F9B91C267A1BBB007567D0 /* Resources */,
			);
			buildRules = (
			);
			dependencies = (
				C2F9B920267A1BBB007567D0 /* PBXTargetDependency */,
			);
			name = OmikujiTests;
			productName = OmikujiTests;
			productReference = C2F9B91E267A1BBB007567D0 /* OmikujiTests.xctest */;
			productType = "com.apple.product-type.bundle.unit-test";
		};
		C2F9B928267A1BBB007567D0 /* OmikujiUITests */ = {
			isa = PBXNativeTarget;
			buildConfigurationList = C2F9B938267A1BBB007567D0 /* Build configuration list for PBXNativeTarget "OmikujiUITests" */;
			buildPhases = (
				C2F9B925267A1BBB007567D0 /* Sources */,
				C2F9B926267A1BBB007567D0 /* Frameworks */,
				C2F9B927267A1BBB007567D0 /* Resources */,
			);
			buildRules = (
			);
			dependencies = (
				C2F9B92B267A1BBB007567D0 /* PBXTargetDependency */,
			);
			name = OmikujiUITests;
			productName = OmikujiUITests;
			productReference = C2F9B929267A1BBB007567D0 /* OmikujiUITests.xctest */;
			productType = "com.apple.product-type.bundle.ui-testing";
		};
/* End PBXNativeTarget section */

/* Begin PBXProject section */
		C2F9B900267A1BB9007567D0 /* Project object */ = {
			isa = PBXProject;
			attributes = {
				LastSwiftUpdateCheck = 1250;
				LastUpgradeCheck = 1250;
				TargetAttributes = {
					C2F9B907267A1BB9007567D0 = {
						CreatedOnToolsVersion = 12.5;
					};
					C2F9B91D267A1BBB007567D0 = {
						CreatedOnToolsVersion = 12.5;
						TestTargetID = C2F9B907267A1BB9007567D0;
					};
					C2F9B928267A1BBB007567D0 = {
						CreatedOnToolsVersion = 12.5;
						TestTargetID = C2F9B907267A1BB9007567D0;
					};
				};
			};
			buildConfigurationList = C2F9B903267A1BB9007567D0 /* Build configuration list for PBXProject "Omikuji" */;
			compatibilityVersion = "Xcode 9.3";
			developmentRegion = en;
			hasScannedForEncodings = 0;
			knownRegions = (
				en,
				Base,
			);
			mainGroup = C2F9B8FF267A1BB9007567D0;
			productRefGroup = C2F9B909267A1BB9007567D0 /* Products */;
			projectDirPath = "";
			projectRoot = "";
			targets = (
				C2F9B907267A1BB9007567D0 /* Omikuji */,
				C2F9B91D267A1BBB007567D0 /* OmikujiTests */,
				C2F9B928267A1BBB007567D0 /* OmikujiUITests */,
			);
		};
/* End PBXProject section */

/* Begin PBXResourcesBuildPhase section */
		C2F9B906267A1BB9007567D0 /* Resources */ = {
			isa = PBXResourcesBuildPhase;
			buildActionMask = 2147483647;
			files = (
				C2F9B918267A1BBB007567D0 /* LaunchScreen.storyboard in Resources */,
				C2F9B949267A285D007567D0 /* おみくじ4.png in Resources */,
				C2F9B947267A285D007567D0 /* tyukiti.png in Resources */,
				C2F9B944267A285D007567D0 /* おみくじ1.png in Resources */,
				C2F9B93D267A284E007567D0 /* daikiti.png in Resources */,
				C2F9B915267A1BBB007567D0 /* Assets.xcassets in Resources */,
				C2F9B948267A285D007567D0 /* おみくじ2.png in Resources */,
				C2F9B945267A285D007567D0 /* おみくじ3.png in Resources */,
				C2F9B946267A285D007567D0 /* shoukitti.png in Resources */,
				C2F9B94B267A28AA007567D0 /* omikuji.png in Resources */,
				C2F9B94D267A2904007567D0 /* zinzya.png in Resources */,
				C2F9B913267A1BB9007567D0 /* Main.storyboard in Resources */,
			);
			runOnlyForDeploymentPostprocessing = 0;
		};
		C2F9B91C267A1BBB007567D0 /* Resources */ = {
			isa = PBXResourcesBuildPhase;
			buildActionMask = 2147483647;
			files = (
			);
			runOnlyForDeploymentPostprocessing = 0;
		};
		C2F9B927267A1BBB007567D0 /* Resources */ = {
			isa = PBXResourcesBuildPhase;
			buildActionMask = 2147483647;
			files = (
			);
			runOnlyForDeploymentPostprocessing = 0;
		};
/* End PBXResourcesBuildPhase section */

/* Begin PBXSourcesBuildPhase section */
		C2F9B904267A1BB9007567D0 /* Sources */ = {
			isa = PBXSourcesBuildPhase;
			buildActionMask = 2147483647;
			files = (
				C2F9B95A267A2CB6007567D0 /* ViewController.swift in Sources */,
				C2F9B95F267A3130007567D0 /* OmikujiBrain.swift in Sources */,
				C2F9B90C267A1BB9007567D0 /* AppDelegate.swift in Sources */,
				C2F9B90E267A1BB9007567D0 /* SceneDelegate.swift in Sources */,
			);
			runOnlyForDeploymentPostprocessing = 0;
		};
		C2F9B91A267A1BBB007567D0 /* Sources */ = {
			isa = PBXSourcesBuildPhase;
			buildActionMask = 2147483647;
			files = (
				C2F9B923267A1BBB007567D0 /* OmikujiTests.swift in Sources */,
			);
			runOnlyForDeploymentPostprocessing = 0;
		};
		C2F9B925267A1BBB007567D0 /* Sources */ = {
			isa = PBXSourcesBuildPhase;
			buildActionMask = 2147483647;
			files = (
				C2F9B92E267A1BBB007567D0 /* OmikujiUITests.swift in Sources */,
			);
			runOnlyForDeploymentPostprocessing = 0;
		};
/* End PBXSourcesBuildPhase section */

/* Begin PBXTargetDependency section */
		C2F9B920267A1BBB007567D0 /* PBXTargetDependency */ = {
			isa = PBXTargetDependency;
			target = C2F9B907267A1BB9007567D0 /* Omikuji */;
			targetProxy = C2F9B91F267A1BBB007567D0 /* PBXContainerItemProxy */;
		};
		C2F9B92B267A1BBB007567D0 /* PBXTargetDependency */ = {
			isa = PBXTargetDependency;
			target = C2F9B907267A1BB9007567D0 /* Omikuji */;
			targetProxy = C2F9B92A267A1BBB007567D0 /* PBXContainerItemProxy */;
		};
/* End PBXTargetDependency section */

/* Begin PBXVariantGroup section */
		C2F9B911267A1BB9007567D0 /* Main.storyboard */ = {
			isa = PBXVariantGroup;
			children = (
				C2F9B912267A1BB9007567D0 /* Base */,
			);
			name = Main.storyboard;
			sourceTree = "<group>";
		};
		C2F9B916267A1BBB007567D0 /* LaunchScreen.storyboard */ = {
			isa = PBXVariantGroup;
			children = (
				C2F9B917267A1BBB007567D0 /* Base */,
			);
			name = LaunchScreen.storyboard;
			sourceTree = "<group>";
		};
/* End PBXVariantGroup section */

/* Begin XCBuildConfiguration section */
		C2F9B930267A1BBB007567D0 /* Debug */ = {
			isa = XCBuildConfiguration;
			buildSettings = {
				ALWAYS_SEARCH_USER_PATHS = NO;
				CLANG_ANALYZER_NONNULL = YES;
				CLANG_ANALYZER_NUMBER_OBJECT_CONVERSION = YES_AGGRESSIVE;
				CLANG_CXX_LANGUAGE_STANDARD = "gnu++14";
				CLANG_CXX_LIBRARY = "libc++";
				CLANG_ENABLE_MODULES = YES;
				CLANG_ENABLE_OBJC_ARC = YES;
				CLANG_ENABLE_OBJC_WEAK = YES;
				CLANG_WARN_BLOCK_CAPTURE_AUTORELEASING = YES;
				CLANG_WARN_BOOL_CONVERSION = YES;
				CLANG_WARN_COMMA = YES;
				CLANG_WARN_CONSTANT_CONVERSION = YES;
				CLANG_WARN_DEPRECATED_OBJC_IMPLEMENTATIONS = YES;
				CLANG_WARN_DIRECT_OBJC_ISA_USAGE = YES_ERROR;
				CLANG_WARN_DOCUMENTATION_COMMENTS = YES;
				CLANG_WARN_EMPTY_BODY = YES;
				CLANG_WARN_ENUM_CONVERSION = YES;
				CLANG_WARN_INFINITE_RECURSION = YES;
				CLANG_WARN_INT_CONVERSION = YES;
				CLANG_WARN_NON_LITERAL_NULL_CONVERSION = YES;
				CLANG_WARN_OBJC_IMPLICIT_RETAIN_SELF = YES;
				CLANG_WARN_OBJC_LITERAL_CONVERSION = YES;
				CLANG_WARN_OBJC_ROOT_CLASS = YES_ERROR;
				CLANG_WARN_QUOTED_INCLUDE_IN_FRAMEWORK_HEADER = YES;
				CLANG_WARN_RANGE_LOOP_ANALYSIS = YES;
				CLANG_WARN_STRICT_PROTOTYPES = YES;
				CLANG_WARN_SUSPICIOUS_MOVE = YES;
				CLANG_WARN_UNGUARDED_AVAILABILITY = YES_AGGRESSIVE;
				CLANG_WARN_UNREACHABLE_CODE = YES;
				CLANG_WARN__DUPLICATE_METHOD_MATCH = YES;
				COPY_PHASE_STRIP = NO;
				DEBUG_INFORMATION_FORMAT = dwarf;
				ENABLE_STRICT_OBJC_MSGSEND = YES;
				ENABLE_TESTABILITY = YES;
				GCC_C_LANGUAGE_STANDARD = gnu11;
				GCC_DYNAMIC_NO_PIC = NO;
				GCC_NO_COMMON_BLOCKS = YES;
				GCC_OPTIMIZATION_LEVEL = 0;
				GCC_PREPROCESSOR_DEFINITIONS = (
					"DEBUG=1",
					"$(inherited)",
				);
				GCC_WARN_64_TO_32_BIT_CONVERSION = YES;
				GCC_WARN_ABOUT_RETURN_TYPE = YES_ERROR;
				GCC_WARN_UNDECLARED_SELECTOR = YES;
				GCC_WARN_UNINITIALIZED_AUTOS = YES_AGGRESSIVE;
				GCC_WARN_UNUSED_FUNCTION = YES;
				GCC_WARN_UNUSED_VARIABLE = YES;
				IPHONEOS_DEPLOYMENT_TARGET = 14.5;
				MTL_ENABLE_DEBUG_INFO = INCLUDE_SOURCE;
				MTL_FAST_MATH = YES;
				ONLY_ACTIVE_ARCH = YES;
				SDKROOT = iphoneos;
				SWIFT_ACTIVE_COMPILATION_CONDITIONS = DEBUG;
				SWIFT_OPTIMIZATION_LEVEL = "-Onone";
			};
			name = Debug;
		};
		C2F9B931267A1BBB007567D0 /* Release */ = {
			isa = XCBuildConfiguration;
			buildSettings = {
				ALWAYS_SEARCH_USER_PATHS = NO;
				CLANG_ANALYZER_NONNULL = YES;
				CLANG_ANALYZER_NUMBER_OBJECT_CONVERSION = YES_AGGRESSIVE;
				CLANG_CXX_LANGUAGE_STANDARD = "gnu++14";
				CLANG_CXX_LIBRARY = "libc++";
				CLANG_ENABLE_MODULES = YES;
				CLANG_ENABLE_OBJC_ARC = YES;
				CLANG_ENABLE_OBJC_WEAK = YES;
				CLANG_WARN_BLOCK_CAPTURE_AUTORELEASING = YES;
				CLANG_WARN_BOOL_CONVERSION = YES;
				CLANG_WARN_COMMA = YES;
				CLANG_WARN_CONSTANT_CONVERSION = YES;
				CLANG_WARN_DEPRECATED_OBJC_IMPLEMENTATIONS = YES;
				CLANG_WARN_DIRECT_OBJC_ISA_USAGE = YES_ERROR;
				CLANG_WARN_DOCUMENTATION_COMMENTS = YES;
				CLANG_WARN_EMPTY_BODY = YES;
				CLANG_WARN_ENUM_CONVERSION = YES;
				CLANG_WARN_INFINITE_RECURSION = YES;
				CLANG_WARN_INT_CONVERSION = YES;
				CLANG_WARN_NON_LITERAL_NULL_CONVERSION = YES;
				CLANG_WARN_OBJC_IMPLICIT_RETAIN_SELF = YES;
				CLANG_WARN_OBJC_LITERAL_CONVERSION = YES;
				CLANG_WARN_OBJC_ROOT_CLASS = YES_ERROR;
				CLANG_WARN_QUOTED_INCLUDE_IN_FRAMEWORK_HEADER = YES;
				CLANG_WARN_RANGE_LOOP_ANALYSIS = YES;
				CLANG_WARN_STRICT_PROTOTYPES = YES;
				CLANG_WARN_SUSPICIOUS_MOVE = YES;
				CLANG_WARN_UNGUARDED_AVAILABILITY = YES_AGGRESSIVE;
				CLANG_WARN_UNREACHABLE_CODE = YES;
				CLANG_WARN__DUPLICATE_METHOD_MATCH = YES;
				COPY_PHASE_STRIP = NO;
				DEBUG_INFORMATION_FORMAT = "dwarf-with-dsym";
				ENABLE_NS_ASSERTIONS = NO;
				ENABLE_STRICT_OBJC_MSGSEND = YES;
				GCC_C_LANGUAGE_STANDARD = gnu11;
				GCC_NO_COMMON_BLOCKS = YES;
				GCC_WARN_64_TO_32_BIT_CONVERSION = YES;
				GCC_WARN_ABOUT_RETURN_TYPE = YES_ERROR;
				GCC_WARN_UNDECLARED_SELECTOR = YES;
				GCC_WARN_UNINITIALIZED_AUTOS = YES_AGGRESSIVE;
				GCC_WARN_UNUSED_FUNCTION = YES;
				GCC_WARN_UNUSED_VARIABLE = YES;
				IPHONEOS_DEPLOYMENT_TARGET = 14.5;
				MTL_ENABLE_DEBUG_INFO = NO;
				MTL_FAST_MATH = YES;
				SDKROOT = iphoneos;
				SWIFT_COMPILATION_MODE = wholemodule;
				SWIFT_OPTIMIZATION_LEVEL = "-O";
				VALIDATE_PRODUCT = YES;
			};
			name = Release;
		};
		C2F9B933267A1BBB007567D0 /* Debug */ = {
			isa = XCBuildConfiguration;
			buildSettings = {
				ASSETCATALOG_COMPILER_APPICON_NAME = AppIcon;
				ASSETCATALOG_COMPILER_GLOBAL_ACCENT_COLOR_NAME = AccentColor;
				CODE_SIGN_STYLE = Automatic;
				DEVELOPMENT_TEAM = ZL8UHBLB85;
				INFOPLIST_FILE = Omikuji/Info.plist;
				LD_RUNPATH_SEARCH_PATHS = (
					"$(inherited)",
					"@executable_path/Frameworks",
				);
				PRODUCT_BUNDLE_IDENTIFIER = shimizusena.Omikuji;
				PRODUCT_NAME = "$(TARGET_NAME)";
				SWIFT_VERSION = 5.0;
				TARGETED_DEVICE_FAMILY = "1,2";
			};
			name = Debug;
		};
		C2F9B934267A1BBB007567D0 /* Release */ = {
			isa = XCBuildConfiguration;
			buildSettings = {
				ASSETCATALOG_COMPILER_APPICON_NAME = AppIcon;
				ASSETCATALOG_COMPILER_GLOBAL_ACCENT_COLOR_NAME = AccentColor;
				CODE_SIGN_STYLE = Automatic;
				DEVELOPMENT_TEAM = ZL8UHBLB85;
				INFOPLIST_FILE = Omikuji/Info.plist;
				LD_RUNPATH_SEARCH_PATHS = (
					"$(inherited)",
					"@executable_path/Frameworks",
				);
				PRODUCT_BUNDLE_IDENTIFIER = shimizusena.Omikuji;
				PRODUCT_NAME = "$(TARGET_NAME)";
				SWIFT_VERSION = 5.0;
				TARGETED_DEVICE_FAMILY = "1,2";
			};
			name = Release;
		};
		C2F9B936267A1BBB007567D0 /* Debug */ = {
			isa = XCBuildConfiguration;
			buildSettings = {
				ALWAYS_EMBED_SWIFT_STANDARD_LIBRARIES = YES;
				BUNDLE_LOADER = "$(TEST_HOST)";
				CODE_SIGN_STYLE = Automatic;
				DEVELOPMENT_TEAM = ZL8UHBLB85;
				INFOPLIST_FILE = OmikujiTests/Info.plist;
				IPHONEOS_DEPLOYMENT_TARGET = 14.5;
				LD_RUNPATH_SEARCH_PATHS = (
					"$(inherited)",
					"@executable_path/Frameworks",
					"@loader_path/Frameworks",
				);
				PRODUCT_BUNDLE_IDENTIFIER = shimizusena.OmikujiTests;
				PRODUCT_NAME = "$(TARGET_NAME)";
				SWIFT_VERSION = 5.0;
				TARGETED_DEVICE_FAMILY = "1,2";
				TEST_HOST = "$(BUILT_PRODUCTS_DIR)/Omikuji.app/Omikuji";
			};
			name = Debug;
		};
		C2F9B937267A1BBB007567D0 /* Release */ = {
			isa = XCBuildConfiguration;
			buildSettings = {
				ALWAYS_EMBED_SWIFT_STANDARD_LIBRARIES = YES;
				BUNDLE_LOADER = "$(TEST_HOST)";
				CODE_SIGN_STYLE = Automatic;
				DEVELOPMENT_TEAM = ZL8UHBLB85;
				INFOPLIST_FILE = OmikujiTests/Info.plist;
				IPHONEOS_DEPLOYMENT_TARGET = 14.5;
				LD_RUNPATH_SEARCH_PATHS = (
					"$(inherited)",
					"@executable_path/Frameworks",
					"@loader_path/Frameworks",
				);
				PRODUCT_BUNDLE_IDENTIFIER = shimizusena.OmikujiTests;
				PRODUCT_NAME = "$(TARGET_NAME)";
				SWIFT_VERSION = 5.0;
				TARGETED_DEVICE_FAMILY = "1,2";
				TEST_HOST = "$(BUILT_PRODUCTS_DIR)/Omikuji.app/Omikuji";
			};
			name = Release;
		};
		C2F9B939267A1BBB007567D0 /* Debug */ = {
			isa = XCBuildConfiguration;
			buildSettings = {
				ALWAYS_EMBED_SWIFT_STANDARD_LIBRARIES = YES;
				CODE_SIGN_STYLE = Automatic;
				DEVELOPMENT_TEAM = ZL8UHBLB85;
				INFOPLIST_FILE = OmikujiUITests/Info.plist;
				LD_RUNPATH_SEARCH_PATHS = (
					"$(inherited)",
					"@executable_path/Frameworks",
					"@loader_path/Frameworks",
				);
				PRODUCT_BUNDLE_IDENTIFIER = shimizusena.OmikujiUITests;
				PRODUCT_NAME = "$(TARGET_NAME)";
				SWIFT_VERSION = 5.0;
				TARGETED_DEVICE_FAMILY = "1,2";
				TEST_TARGET_NAME = Omikuji;
			};
			name = Debug;
		};
		C2F9B93A267A1BBB007567D0 /* Release */ = {
			isa = XCBuildConfiguration;
			buildSettings = {
				ALWAYS_EMBED_SWIFT_STANDARD_LIBRARIES = YES;
				CODE_SIGN_STYLE = Automatic;
				DEVELOPMENT_TEAM = ZL8UHBLB85;
				INFOPLIST_FILE = OmikujiUITests/Info.plist;
				LD_RUNPATH_SEARCH_PATHS = (
					"$(inherited)",
					"@executable_path/Frameworks",
					"@loader_path/Frameworks",
				);
				PRODUCT_BUNDLE_IDENTIFIER = shimizusena.OmikujiUITests;
				PRODUCT_NAME = "$(TARGET_NAME)";
				SWIFT_VERSION = 5.0;
				TARGETED_DEVICE_FAMILY = "1,2";
				TEST_TARGET_NAME = Omikuji;
			};
			name = Release;
		};
/* End XCBuildConfiguration section */

/* Begin XCConfigurationList section */
		C2F9B903267A1BB9007567D0 /* Build configuration list for PBXProject "Omikuji" */ = {
			isa = XCConfigurationList;
			buildConfigurations = (
				C2F9B930267A1BBB007567D0 /* Debug */,
				C2F9B931267A1BBB007567D0 /* Release */,
			);
			defaultConfigurationIsVisible = 0;
			defaultConfigurationName = Release;
		};
		C2F9B932267A1BBB007567D0 /* Build configuration list for PBXNativeTarget "Omikuji" */ = {
			isa = XCConfigurationList;
			buildConfigurations = (
				C2F9B933267A1BBB007567D0 /* Debug */,
				C2F9B934267A1BBB007567D0 /* Release */,
			);
			defaultConfigurationIsVisible = 0;
			defaultConfigurationName = Release;
		};
		C2F9B935267A1BBB007567D0 /* Build configuration list for PBXNativeTarget "OmikujiTests" */ = {
			isa = XCConfigurationList;
			buildConfigurations = (
				C2F9B936267A1BBB007567D0 /* Debug */,
				C2F9B937267A1BBB007567D0 /* Release */,
			);
			defaultConfigurationIsVisible = 0;
			defaultConfigurationName = Release;
		};
		C2F9B938267A1BBB007567D0 /* Build configuration list for PBXNativeTarget "OmikujiUITests" */ = {
			isa = XCConfigurationList;
			buildConfigurations = (
				C2F9B939267A1BBB007567D0 /* Debug */,
				C2F9B93A267A1BBB007567D0 /* Release */,
			);
			defaultConfigurationIsVisible = 0;
			defaultConfigurationName = Release;
		};
/* End XCConfigurationList section */
	};
	rootObject = C2F9B900267A1BB9007567D0 /* Project object */;
}
